
Microsoft Visual Studio Solution File, Format Version 12.00
# Visual Studio Version 17
VisualStudioVersion = 17.11.35222.181
MinimumVisualStudioVersion = 10.0.40219.1
Project("{FAE04EC0-301F-11D3-BF4B-00C04F79EFBC}") = "Project_A", "Project_A\Project_A.csproj", "{4F80748D-3033-49C1-A4B5-EBCA64E02187}"
EndProject
Global
	GlobalSection(SolutionConfigurationPlatforms) = preSolution
		Debug|Any CPU = Debug|Any CPU
		Release|Any CPU = Release|Any CPU
	EndGlobalSection
	GlobalSection(ProjectConfigurationPlatforms) = postSolution
		{4F80748D-3033-49C1-A4B5-EBCA64E02187}.Debug|Any CPU.ActiveCfg = Debug|Any CPU
		{4F80748D-3033-49C1-A4B5-EBCA64E02187}.Debug|Any CPU.Build.0 = Debug|Any CPU
		{4F80748D-3033-49C1-A4B5-EBCA64E02187}.Release|Any CPU.ActiveCfg = Release|Any CPU
		{4F80748D-3033-49C1-A4B5-EBCA64E02187}.Release|Any CPU.Build.0 = Release|Any CPU
	EndGlobalSection
	GlobalSection(SolutionProperties) = preSolution
		HideSolutionNode = FALSE
	EndGlobalSection
	GlobalSection(ExtensibilityGlobals) = postSolution
		SolutionGuid = {C904939A-A1BD-4455-AA44-DA1B0570D680}
	EndGlobalSection
EndGlobal
